
Microsoft Visual Studio Solution File, Format Version 12.00
# Visual Studio Version 16
VisualStudioVersion = 16.0.31321.278
MinimumVisualStudioVersion = 10.0.40219.1
Project("{FAE04EC0-301F-11D3-BF4B-00C04F79EFBC}") = "UdemyGitHubTestApp", "UdemyGitHubTestApp\UdemyGitHubTestApp.csproj", "{3FB4D821-A20B-4046-BD94-AD574E1F5691}"
EndProject
Global
	GlobalSection(SolutionConfigurationPlatforms) = preSolution
		Debug|Any CPU = Debug|Any CPU
		Release|Any CPU = Release|Any CPU
	EndGlobalSection
	GlobalSection(ProjectConfigurationPlatforms) = postSolution
		{3FB4D821-A20B-4046-BD94-AD574E1F5691}.Debug|Any CPU.ActiveCfg = Debug|Any CPU
		{3FB4D821-A20B-4046-BD94-AD574E1F5691}.Debug|Any CPU.Build.0 = Debug|Any CPU
		{3FB4D821-A20B-4046-BD94-AD574E1F5691}.Release|Any CPU.ActiveCfg = Release|Any CPU
		{3FB4D821-A20B-4046-BD94-AD574E1F5691}.Release|Any CPU.Build.0 = Release|Any CPU
	EndGlobalSection
	GlobalSection(SolutionProperties) = preSolution
		HideSolutionNode = FALSE
	EndGlobalSection
	GlobalSection(ExtensibilityGlobals) = postSolution
		SolutionGuid = {C2F9905E-574F-49B5-A28B-B2120D0C086F}
	EndGlobalSection
EndGlobal
